
Microsoft Visual Studio Solution File, Format Version 12.00
# Visual Studio 2012
Project("{FAE04EC0-301F-11D3-BF4B-00C04F79EFBC}") = "GBA", "GBA\GBA.csproj", "{9160CDE1-56CB-419C-80AD-D9B74C795FD4}"
EndProject
Global
	GlobalSection(SolutionConfigurationPlatforms) = preSolution
		Debug|Any CPU = Debug|Any CPU
		Release|Any CPU = Release|Any CPU
	EndGlobalSection
	GlobalSection(ProjectConfigurationPlatforms) = postSolution
		{9160CDE1-56CB-419C-80AD-D9B74C795FD4}.Debug|Any CPU.ActiveCfg = Debug|Any CPU
		{9160CDE1-56CB-419C-80AD-D9B74C795FD4}.Debug|Any CPU.Build.0 = Debug|Any CPU
		{9160CDE1-56CB-419C-80AD-D9B74C795FD4}.Release|Any CPU.ActiveCfg = Release|Any CPU
		{9160CDE1-56CB-419C-80AD-D9B74C795FD4}.Release|Any CPU.Build.0 = Release|Any CPU
	EndGlobalSection
	GlobalSection(SolutionProperties) = preSolution
		HideSolutionNode = FALSE
	EndGlobalSection
EndGlobal
